
Microsoft Visual Studio Solution File, Format Version 12.00
# Visual Studio Version 16
VisualStudioVersion = 16.0.30310.162
MinimumVisualStudioVersion = 10.0.40219.1
Project("{FAE04EC0-301F-11D3-BF4B-00C04F79EFBC}") = "PikaBot", "PikaBot\PikaBot.csproj", "{94E1F8F6-CC10-4BB3-88FB-8DA719E9DB1A}"
EndProject
Global
	GlobalSection(SolutionConfigurationPlatforms) = preSolution
		Debug|Any CPU = Debug|Any CPU
		Release|Any CPU = Release|Any CPU
	EndGlobalSection
	GlobalSection(ProjectConfigurationPlatforms) = postSolution
		{94E1F8F6-CC10-4BB3-88FB-8DA719E9DB1A}.Debug|Any CPU.ActiveCfg = Debug|Any CPU
		{94E1F8F6-CC10-4BB3-88FB-8DA719E9DB1A}.Debug|Any CPU.Build.0 = Debug|Any CPU
		{94E1F8F6-CC10-4BB3-88FB-8DA719E9DB1A}.Release|Any CPU.ActiveCfg = Release|Any CPU
		{94E1F8F6-CC10-4BB3-88FB-8DA719E9DB1A}.Release|Any CPU.Build.0 = Release|Any CPU
	EndGlobalSection
	GlobalSection(SolutionProperties) = preSolution
		HideSolutionNode = FALSE
	EndGlobalSection
	GlobalSection(ExtensibilityGlobals) = postSolution
		SolutionGuid = {02A183EC-43D9-43E5-A76C-50047B3F49CD}
	EndGlobalSection
EndGlobal
